// !$*UTF8*$!
{
	archiveVersion = 1;
	classes = {
	};
	objectVersion = 46;
	objects = {

/* Begin PBXBuildFile section */
		67A4351A130EF789D9BC441C /* libPods.a in Frameworks */ = {isa = PBXBuildFile; fileRef = 1D91879509CDDE93CB23EECF /* libPods.a */; };
		8A97D1D21AE43D030083CF51 /* AppDelegate.swift in Sources */ = {isa = PBXBuildFile; fileRef = 8A97D1D11AE43D030083CF51 /* AppDelegate.swift */; };
		8A97D1D41AE43D030083CF51 /* ViewController.swift in Sources */ = {isa = PBXBuildFile; fileRef = 8A97D1D31AE43D030083CF51 /* ViewController.swift */; };
		8A97D1D71AE43D030083CF51 /* Main.storyboard in Resources */ = {isa = PBXBuildFile; fileRef = 8A97D1D51AE43D030083CF51 /* Main.storyboard */; };
		8A97D1D91AE43D030083CF51 /* Images.xcassets in Resources */ = {isa = PBXBuildFile; fileRef = 8A97D1D81AE43D030083CF51 /* Images.xcassets */; };
		8A97D1DC1AE43D030083CF51 /* LaunchScreen.xib in Resources */ = {isa = PBXBuildFile; fileRef = 8A97D1DA1AE43D030083CF51 /* LaunchScreen.xib */; };
		8A97D1E81AE43D030083CF51 /* KarimBenhmidaTests.swift in Sources */ = {isa = PBXBuildFile; fileRef = 8A97D1E71AE43D030083CF51 /* KarimBenhmidaTests.swift */; };
		8AF8C6631AE4662800A70443 /* MainViewController.swift in Sources */ = {isa = PBXBuildFile; fileRef = 8AF8C6621AE4662800A70443 /* MainViewController.swift */; };
		8AF8C6651AE46D4D00A70443 /* ProjectsViewController.swift in Sources */ = {isa = PBXBuildFile; fileRef = 8AF8C6641AE46D4D00A70443 /* ProjectsViewController.swift */; };
/* End PBXBuildFile section */

/* Begin PBXContainerItemProxy section */
		8A97D1E21AE43D030083CF51 /* PBXContainerItemProxy */ = {
			isa = PBXContainerItemProxy;
			containerPortal = 8A97D1C41AE43D030083CF51 /* Project object */;
			proxyType = 1;
			remoteGlobalIDString = 8A97D1CB1AE43D030083CF51;
			remoteInfo = KarimBenhmida;
		};
/* End PBXContainerItemProxy section */

/* Begin PBXFileReference section */
		1D91879509CDDE93CB23EECF /* libPods.a */ = {isa = PBXFileReference; explicitFileType = archive.ar; includeInIndex = 0; path = libPods.a; sourceTree = BUILT_PRODUCTS_DIR; };
		1DADE5CFAD026E97AFA9E4C6 /* Pods.debug.xcconfig */ = {isa = PBXFileReference; includeInIndex = 1; lastKnownFileType = text.xcconfig; name = Pods.debug.xcconfig; path = "Pods/Target Support Files/Pods/Pods.debug.xcconfig"; sourceTree = "<group>"; };
		6D04329A6E4F8786451CCBEE /* Pods.release.xcconfig */ = {isa = PBXFileReference; includeInIndex = 1; lastKnownFileType = text.xcconfig; name = Pods.release.xcconfig; path = "Pods/Target Support Files/Pods/Pods.release.xcconfig"; sourceTree = "<group>"; };
		8A97D1CC1AE43D030083CF51 /* KarimBenhmida.app */ = {isa = PBXFileReference; explicitFileType = wrapper.application; includeInIndex = 0; path = KarimBenhmida.app; sourceTree = BUILT_PRODUCTS_DIR; };
		8A97D1D01AE43D030083CF51 /* Info.plist */ = {isa = PBXFileReference; lastKnownFileType = text.plist.xml; path = Info.plist; sourceTree = "<group>"; };
		8A97D1D11AE43D030083CF51 /* AppDelegate.swift */ = {isa = PBXFileReference; lastKnownFileType = sourcecode.swift; path = AppDelegate.swift; sourceTree = "<group>"; };
		8A97D1D31AE43D030083CF51 /* ViewController.swift */ = {isa = PBXFileReference; lastKnownFileType = sourcecode.swift; path = ViewController.swift; sourceTree = "<group>"; };
		8A97D1D61AE43D030083CF51 /* Base */ = {isa = PBXFileReference; lastKnownFileType = file.storyboard; name = Base; path = Base.lproj/Main.storyboard; sourceTree = "<group>"; };
		8A97D1D81AE43D030083CF51 /* Images.xcassets */ = {isa = PBXFileReference; lastKnownFileType = folder.assetcatalog; path = Images.xcassets; sourceTree = "<group>"; };
		8A97D1DB1AE43D030083CF51 /* Base */ = {isa = PBXFileReference; lastKnownFileType = file.xib; name = Base; path = Base.lproj/LaunchScreen.xib; sourceTree = "<group>"; };
		8A97D1E11AE43D030083CF51 /* KarimBenhmidaTests.xctest */ = {isa = PBXFileReference; explicitFileType = wrapper.cfbundle; includeInIndex = 0; path = KarimBenhmidaTests.xctest; sourceTree = BUILT_PRODUCTS_DIR; };
		8A97D1E61AE43D030083CF51 /* Info.plist */ = {isa = PBXFileReference; lastKnownFileType = text.plist.xml; path = Info.plist; sourceTree = "<group>"; };
		8A97D1E71AE43D030083CF51 /* KarimBenhmidaTests.swift */ = {isa = PBXFileReference; lastKnownFileType = sourcecode.swift; path = KarimBenhmidaTests.swift; sourceTree = "<group>"; };
		8A97D1F11AE44ADC0083CF51 /* BridgingHeader.h */ = {isa = PBXFileReference; lastKnownFileType = sourcecode.c.h; path = BridgingHeader.h; sourceTree = "<group>"; };
		8AF8C6621AE4662800A70443 /* MainViewController.swift */ = {isa = PBXFileReference; fileEncoding = 4; lastKnownFileType = sourcecode.swift; path = MainViewController.swift; sourceTree = "<group>"; };
		8AF8C6641AE46D4D00A70443 /* ProjectsViewController.swift */ = {isa = PBXFileReference; fileEncoding = 4; lastKnownFileType = sourcecode.swift; path = ProjectsViewController.swift; sourceTree = "<group>"; };
/* End PBXFileReference section */

/* Begin PBXFrameworksBuildPhase section */
		8A97D1C91AE43D030083CF51 /* Frameworks */ = {
			isa = PBXFrameworksBuildPhase;
			buildActionMask = 2147483647;
			files = (
				67A4351A130EF789D9BC441C /* libPods.a in Frameworks */,
			);
			runOnlyForDeploymentPostprocessing = 0;
		};
		8A97D1DE1AE43D030083CF51 /* Frameworks */ = {
			isa = PBXFrameworksBuildPhase;
			buildActionMask = 2147483647;
			files = (
			);
			runOnlyForDeploymentPostprocessing = 0;
		};
/* End PBXFrameworksBuildPhase section */

/* Begin PBXGroup section */
		0DF5904FF4F5DC7AF151FC21 /* Frameworks */ = {
			isa = PBXGroup;
			children = (
				1D91879509CDDE93CB23EECF /* libPods.a */,
			);
			name = Frameworks;
			sourceTree = "<group>";
		};
		538DC4FF241361CDC0D7E7CA /* Pods */ = {
			isa = PBXGroup;
			children = (
				1DADE5CFAD026E97AFA9E4C6 /* Pods.debug.xcconfig */,
				6D04329A6E4F8786451CCBEE /* Pods.release.xcconfig */,
			);
			name = Pods;
			sourceTree = "<group>";
		};
		8A97D1C31AE43D030083CF51 = {
			isa = PBXGroup;
			children = (
				8A97D1CE1AE43D030083CF51 /* KarimBenhmida */,
				8A97D1E41AE43D030083CF51 /* KarimBenhmidaTests */,
				8A97D1CD1AE43D030083CF51 /* Products */,
				538DC4FF241361CDC0D7E7CA /* Pods */,
				0DF5904FF4F5DC7AF151FC21 /* Frameworks */,
			);
			sourceTree = "<group>";
		};
		8A97D1CD1AE43D030083CF51 /* Products */ = {
			isa = PBXGroup;
			children = (
				8A97D1CC1AE43D030083CF51 /* KarimBenhmida.app */,
				8A97D1E11AE43D030083CF51 /* KarimBenhmidaTests.xctest */,
			);
			name = Products;
			sourceTree = "<group>";
		};
		8A97D1CE1AE43D030083CF51 /* KarimBenhmida */ = {
			isa = PBXGroup;
			children = (
				8A97D1D11AE43D030083CF51 /* AppDelegate.swift */,
				8A97D1D31AE43D030083CF51 /* ViewController.swift */,
				8AF8C6621AE4662800A70443 /* MainViewController.swift */,
				8AF8C6641AE46D4D00A70443 /* ProjectsViewController.swift */,
				8A97D1D51AE43D030083CF51 /* Main.storyboard */,
				8A97D1D81AE43D030083CF51 /* Images.xcassets */,
				8A97D1DA1AE43D030083CF51 /* LaunchScreen.xib */,
				8A97D1CF1AE43D030083CF51 /* Supporting Files */,
				8A97D1F11AE44ADC0083CF51 /* BridgingHeader.h */,
			);
			path = KarimBenhmida;
			sourceTree = "<group>";
		};
		8A97D1CF1AE43D030083CF51 /* Supporting Files */ = {
			isa = PBXGroup;
			children = (
				8A97D1D01AE43D030083CF51 /* Info.plist */,
			);
			name = "Supporting Files";
			sourceTree = "<group>";
		};
		8A97D1E41AE43D030083CF51 /* KarimBenhmidaTests */ = {
			isa = PBXGroup;
			children = (
				8A97D1E71AE43D030083CF51 /* KarimBenhmidaTests.swift */,
				8A97D1E51AE43D030083CF51 /* Supporting Files */,
			);
			path = KarimBenhmidaTests;
			sourceTree = "<group>";
		};
		8A97D1E51AE43D030083CF51 /* Supporting Files */ = {
			isa = PBXGroup;
			children = (
				8A97D1E61AE43D030083CF51 /* Info.plist */,
			);
			name = "Supporting Files";
			sourceTree = "<group>";
		};
/* End PBXGroup section */

/* Begin PBXNativeTarget section */
		8A97D1CB1AE43D030083CF51 /* KarimBenhmida */ = {
			isa = PBXNativeTarget;
			buildConfigurationList = 8A97D1EB1AE43D030083CF51 /* Build configuration list for PBXNativeTarget "KarimBenhmida" */;
			buildPhases = (
				1B7B932D718178C40EEA458B /* Check Pods Manifest.lock */,
				8A97D1C81AE43D030083CF51 /* Sources */,
				8A97D1C91AE43D030083CF51 /* Frameworks */,
				8A97D1CA1AE43D030083CF51 /* Resources */,
				0C9FFAFB072AC882872F8DAF /* Copy Pods Resources */,
			);
			buildRules = (
			);
			dependencies = (
			);
			name = KarimBenhmida;
			productName = KarimBenhmida;
			productReference = 8A97D1CC1AE43D030083CF51 /* KarimBenhmida.app */;
			productType = "com.apple.product-type.application";
		};
		8A97D1E01AE43D030083CF51 /* KarimBenhmidaTests */ = {
			isa = PBXNativeTarget;
			buildConfigurationList = 8A97D1EE1AE43D030083CF51 /* Build configuration list for PBXNativeTarget "KarimBenhmidaTests" */;
			buildPhases = (
				8A97D1DD1AE43D030083CF51 /* Sources */,
				8A97D1DE1AE43D030083CF51 /* Frameworks */,
				8A97D1DF1AE43D030083CF51 /* Resources */,
			);
			buildRules = (
			);
			dependencies = (
				8A97D1E31AE43D030083CF51 /* PBXTargetDependency */,
			);
			name = KarimBenhmidaTests;
			productName = KarimBenhmidaTests;
			productReference = 8A97D1E11AE43D030083CF51 /* KarimBenhmidaTests.xctest */;
			productType = "com.apple.product-type.bundle.unit-test";
		};
/* End PBXNativeTarget section */

/* Begin PBXProject section */
		8A97D1C41AE43D030083CF51 /* Project object */ = {
			isa = PBXProject;
			attributes = {
				LastUpgradeCheck = 0630;
				ORGANIZATIONNAME = "Karim Benhmida";
				TargetAttributes = {
					8A97D1CB1AE43D030083CF51 = {
						CreatedOnToolsVersion = 6.3;
					};
					8A97D1E01AE43D030083CF51 = {
						CreatedOnToolsVersion = 6.3;
						TestTargetID = 8A97D1CB1AE43D030083CF51;
					};
				};
			};
			buildConfigurationList = 8A97D1C71AE43D030083CF51 /* Build configuration list for PBXProject "KarimBenhmida" */;
			compatibilityVersion = "Xcode 3.2";
			developmentRegion = English;
			hasScannedForEncodings = 0;
			knownRegions = (
				en,
				Base,
			);
			mainGroup = 8A97D1C31AE43D030083CF51;
			productRefGroup = 8A97D1CD1AE43D030083CF51 /* Products */;
			projectDirPath = "";
			projectRoot = "";
			targets = (
				8A97D1CB1AE43D030083CF51 /* KarimBenhmida */,
				8A97D1E01AE43D030083CF51 /* KarimBenhmidaTests */,
			);
		};
/* End PBXProject section */

/* Begin PBXResourcesBuildPhase section */
		8A97D1CA1AE43D030083CF51 /* Resources */ = {
			isa = PBXResourcesBuildPhase;
			buildActionMask = 2147483647;
			files = (
				8A97D1D71AE43D030083CF51 /* Main.storyboard in Resources */,
				8A97D1DC1AE43D030083CF51 /* LaunchScreen.xib in Resources */,
				8A97D1D91AE43D030083CF51 /* Images.xcassets in Resources */,
			);
			runOnlyForDeploymentPostprocessing = 0;
		};
		8A97D1DF1AE43D030083CF51 /* Resources */ = {
			isa = PBXResourcesBuildPhase;
			buildActionMask = 2147483647;
			files = (
			);
			runOnlyForDeploymentPostprocessing = 0;
		};
/* End PBXResourcesBuildPhase section */

/* Begin PBXShellScriptBuildPhase section */
		0C9FFAFB072AC882872F8DAF /* Copy Pods Resources */ = {
			isa = PBXShellScriptBuildPhase;
			buildActionMask = 2147483647;
			files = (
			);
			inputPaths = (
			);
			name = "Copy Pods Resources";
			outputPaths = (
			);
			runOnlyForDeploymentPostprocessing = 0;
			shellPath = /bin/sh;
			shellScript = "\"${SRCROOT}/Pods/Target Support Files/Pods/Pods-resources.sh\"\n";
			showEnvVarsInLog = 0;
		};
		1B7B932D718178C40EEA458B /* Check Pods Manifest.lock */ = {
			isa = PBXShellScriptBuildPhase;
			buildActionMask = 2147483647;
			files = (
			);
			inputPaths = (
			);
			name = "Check Pods Manifest.lock";
			outputPaths = (
			);
			runOnlyForDeploymentPostprocessing = 0;
			shellPath = /bin/sh;
			shellScript = "diff \"${PODS_ROOT}/../Podfile.lock\" \"${PODS_ROOT}/Manifest.lock\" > /dev/null\nif [[ $? != 0 ]] ; then\n    cat << EOM\nerror: The sandbox is not in sync with the Podfile.lock. Run 'pod install' or update your CocoaPods installation.\nEOM\n    exit 1\nfi\n";
			showEnvVarsInLog = 0;
		};
/* End PBXShellScriptBuildPhase section */

/* Begin PBXSourcesBuildPhase section */
		8A97D1C81AE43D030083CF51 /* Sources */ = {
			isa = PBXSourcesBuildPhase;
			buildActionMask = 2147483647;
			files = (
				8AF8C6651AE46D4D00A70443 /* ProjectsViewController.swift in Sources */,
				8AF8C6631AE4662800A70443 /* MainViewController.swift in Sources */,
				8A97D1D41AE43D030083CF51 /* ViewController.swift in Sources */,
				8A97D1D21AE43D030083CF51 /* AppDelegate.swift in Sources */,
			);
			runOnlyForDeploymentPostprocessing = 0;
		};
		8A97D1DD1AE43D030083CF51 /* Sources */ = {
			isa = PBXSourcesBuildPhase;
			buildActionMask = 2147483647;
			files = (
				8A97D1E81AE43D030083CF51 /* KarimBenhmidaTests.swift in Sources */,
			);
			runOnlyForDeploymentPostprocessing = 0;
		};
/* End PBXSourcesBuildPhase section */

/* Begin PBXTargetDependency section */
		8A97D1E31AE43D030083CF51 /* PBXTargetDependency */ = {
			isa = PBXTargetDependency;
			target = 8A97D1CB1AE43D030083CF51 /* KarimBenhmida */;
			targetProxy = 8A97D1E21AE43D030083CF51 /* PBXContainerItemProxy */;
		};
/* End PBXTargetDependency section */

/* Begin PBXVariantGroup section */
		8A97D1D51AE43D030083CF51 /* Main.storyboard */ = {
			isa = PBXVariantGroup;
			children = (
				8A97D1D61AE43D030083CF51 /* Base */,
			);
			name = Main.storyboard;
			sourceTree = "<group>";
		};
		8A97D1DA1AE43D030083CF51 /* LaunchScreen.xib */ = {
			isa = PBXVariantGroup;
			children = (
				8A97D1DB1AE43D030083CF51 /* Base */,
			);
			name = LaunchScreen.xib;
			sourceTree = "<group>";
		};
/* End PBXVariantGroup section */

/* Begin XCBuildConfiguration section */
		8A97D1E91AE43D030083CF51 /* Debug */ = {
			isa = XCBuildConfiguration;
			buildSettings = {
				ALWAYS_SEARCH_USER_PATHS = NO;
				CLANG_CXX_LANGUAGE_STANDARD = "gnu++0x";
				CLANG_CXX_LIBRARY = "libc++";
				CLANG_ENABLE_MODULES = YES;
				CLANG_ENABLE_OBJC_ARC = YES;
				CLANG_WARN_BOOL_CONVERSION = YES;
				CLANG_WARN_CONSTANT_CONVERSION = YES;
				CLANG_WARN_DIRECT_OBJC_ISA_USAGE = YES_ERROR;
				CLANG_WARN_EMPTY_BODY = YES;
				CLANG_WARN_ENUM_CONVERSION = YES;
				CLANG_WARN_INT_CONVERSION = YES;
				CLANG_WARN_OBJC_ROOT_CLASS = YES_ERROR;
				CLANG_WARN_UNREACHABLE_CODE = YES;
				CLANG_WARN__DUPLICATE_METHOD_MATCH = YES;
				"CODE_SIGN_IDENTITY[sdk=iphoneos*]" = "iPhone Developer";
				COPY_PHASE_STRIP = NO;
				DEBUG_INFORMATION_FORMAT = "dwarf-with-dsym";
				ENABLE_STRICT_OBJC_MSGSEND = YES;
				GCC_C_LANGUAGE_STANDARD = gnu99;
				GCC_DYNAMIC_NO_PIC = NO;
				GCC_NO_COMMON_BLOCKS = YES;
				GCC_OPTIMIZATION_LEVEL = 0;
				GCC_PREPROCESSOR_DEFINITIONS = (
					"DEBUG=1",
					"$(inherited)",
				);
				GCC_SYMBOLS_PRIVATE_EXTERN = NO;
				GCC_WARN_64_TO_32_BIT_CONVERSION = YES;
				GCC_WARN_ABOUT_RETURN_TYPE = YES_ERROR;
				GCC_WARN_UNDECLARED_SELECTOR = YES;
				GCC_WARN_UNINITIALIZED_AUTOS = YES_AGGRESSIVE;
				GCC_WARN_UNUSED_FUNCTION = YES;
				GCC_WARN_UNUSED_VARIABLE = YES;
				IPHONEOS_DEPLOYMENT_TARGET = 8.3;
				MTL_ENABLE_DEBUG_INFO = YES;
				ONLY_ACTIVE_ARCH = YES;
				SDKROOT = iphoneos;
				SWIFT_OPTIMIZATION_LEVEL = "-Onone";
			};
			name = Debug;
		};
		8A97D1EA1AE43D030083CF51 /* Release */ = {
			isa = XCBuildConfiguration;
			buildSettings = {
				ALWAYS_SEARCH_USER_PATHS = NO;
				CLANG_CXX_LANGUAGE_STANDARD = "gnu++0x";
				CLANG_CXX_LIBRARY = "libc++";
				CLANG_ENABLE_MODULES = YES;
				CLANG_ENABLE_OBJC_ARC = YES;
				CLANG_WARN_BOOL_CONVERSION = YES;
				CLANG_WARN_CONSTANT_CONVERSION = YES;
				CLANG_WARN_DIRECT_OBJC_ISA_USAGE = YES_ERROR;
				CLANG_WARN_EMPTY_BODY = YES;
				CLANG_WARN_ENUM_CONVERSION = YES;
				CLANG_WARN_INT_CONVERSION = YES;
				CLANG_WARN_OBJC_ROOT_CLASS = YES_ERROR;
				CLANG_WARN_UNREACHABLE_CODE = YES;
				CLANG_WARN__DUPLICATE_METHOD_MATCH = YES;
				"CODE_SIGN_IDENTITY[sdk=iphoneos*]" = "iPhone Developer";
				COPY_PHASE_STRIP = NO;
				DEBUG_INFORMATION_FORMAT = "dwarf-with-dsym";
				ENABLE_NS_ASSERTIONS = NO;
				ENABLE_STRICT_OBJC_MSGSEND = YES;
				GCC_C_LANGUAGE_STANDARD = gnu99;
				GCC_NO_COMMON_BLOCKS = YES;
				GCC_WARN_64_TO_32_BIT_CONVERSION = YES;
				GCC_WARN_ABOUT_RETURN_TYPE = YES_ERROR;
				GCC_WARN_UNDECLARED_SELECTOR = YES;
				GCC_WARN_UNINITIALIZED_AUTOS = YES_AGGRESSIVE;
				GCC_WARN_UNUSED_FUNCTION = YES;
				GCC_WARN_UNUSED_VARIABLE = YES;
				IPHONEOS_DEPLOYMENT_TARGET = 8.3;
				MTL_ENABLE_DEBUG_INFO = NO;
				SDKROOT = iphoneos;
				VALIDATE_PRODUCT = YES;
			};
			name = Release;
		};
		8A97D1EC1AE43D030083CF51 /* Debug */ = {
			isa = XCBuildConfiguration;
			baseConfigurationReference = 1DADE5CFAD026E97AFA9E4C6 /* Pods.debug.xcconfig */;
			buildSettings = {
				ASSETCATALOG_COMPILER_APPICON_NAME = AppIcon;
				INFOPLIST_FILE = KarimBenhmida/Info.plist;
				LD_RUNPATH_SEARCH_PATHS = "$(inherited) @executable_path/Frameworks";
				PRODUCT_NAME = "$(TARGET_NAME)";
				SWIFT_OBJC_BRIDGING_HEADER = KarimBenhmida/BridgingHeader.h;
			};
			name = Debug;
		};
		8A97D1ED1AE43D030083CF51 /* Release */ = {
			isa = XCBuildConfiguration;
			baseConfigurationReference = 6D04329A6E4F8786451CCBEE /* Pods.release.xcconfig */;
			buildSettings = {
				ASSETCATALOG_COMPILER_APPICON_NAME = AppIcon;
				INFOPLIST_FILE = KarimBenhmida/Info.plist;
				LD_RUNPATH_SEARCH_PATHS = "$(inherited) @executable_path/Frameworks";
				PRODUCT_NAME = "$(TARGET_NAME)";
				SWIFT_OBJC_BRIDGING_HEADER = KarimBenhmida/BridgingHeader.h;
			};
			name = Release;
		};
		8A97D1EF1AE43D030083CF51 /* Debug */ = {
			isa = XCBuildConfiguration;
			buildSettings = {
				BUNDLE_LOADER = "$(TEST_HOST)";
				FRAMEWORK_SEARCH_PATHS = (
					"$(SDKROOT)/Developer/Library/Frameworks",
					"$(inherited)",
				);
				GCC_PREPROCESSOR_DEFINITIONS = (
					"DEBUG=1",
					"$(inherited)",
				);
				INFOPLIST_FILE = KarimBenhmidaTests/Info.plist;
				LD_RUNPATH_SEARCH_PATHS = "$(inherited) @executable_path/Frameworks @loader_path/Frameworks";
				PRODUCT_NAME = "$(TARGET_NAME)";
				TEST_HOST = "$(BUILT_PRODUCTS_DIR)/KarimBenhmida.app/KarimBenhmida";
			};
			name = Debug;
		};
		8A97D1F01AE43D030083CF51 /* Release */ = {
			isa = XCBuildConfiguration;
			buildSettings = {
				BUNDLE_LOADER = "$(TEST_HOST)";
				FRAMEWORK_SEARCH_PATHS = (
					"$(SDKROOT)/Developer/Library/Frameworks",
					"$(inherited)",
				);
				INFOPLIST_FILE = KarimBenhmidaTests/Info.plist;
				LD_RUNPATH_SEARCH_PATHS = "$(inherited) @executable_path/Frameworks @loader_path/Frameworks";
				PRODUCT_NAME = "$(TARGET_NAME)";
				TEST_HOST = "$(BUILT_PRODUCTS_DIR)/KarimBenhmida.app/KarimBenhmida";
			};
			name = Release;
		};
/* End XCBuildConfiguration section */

/* Begin XCConfigurationList section */
		8A97D1C71AE43D030083CF51 /* Build configuration list for PBXProject "KarimBenhmida" */ = {
			isa = XCConfigurationList;
			buildConfigurations = (
				8A97D1E91AE43D030083CF51 /* Debug */,
				8A97D1EA1AE43D030083CF51 /* Release */,
			);
			defaultConfigurationIsVisible = 0;
			defaultConfigurationName = Release;
		};
		8A97D1EB1AE43D030083CF51 /* Build configuration list for PBXNativeTarget "KarimBenhmida" */ = {
			isa = XCConfigurationList;
			buildConfigurations = (
				8A97D1EC1AE43D030083CF51 /* Debug */,
				8A97D1ED1AE43D030083CF51 /* Release */,
			);
			defaultConfigurationIsVisible = 0;
			defaultConfigurationName = Release;
		};
		8A97D1EE1AE43D030083CF51 /* Build configuration list for PBXNativeTarget "KarimBenhmidaTests" */ = {
			isa = XCConfigurationList;
			buildConfigurations = (
				8A97D1EF1AE43D030083CF51 /* Debug */,
				8A97D1F01AE43D030083CF51 /* Release */,
			);
			defaultConfigurationIsVisible = 0;
			defaultConfigurationName = Release;
		};
/* End XCConfigurationList section */
	};
	rootObject = 8A97D1C41AE43D030083CF51 /* Project object */;
}
